
Microsoft Visual Studio Solution File, Format Version 12.00
# Visual Studio Version 16
VisualStudioVersion = 16.0.30517.126
MinimumVisualStudioVersion = 10.0.40219.1
Project("{8BC9CEB8-8B4A-11D0-8D11-00A0C91BC942}") = "X2PatchInfo", "X2PatchInfo\X2PatchInfo.vcxproj", "{49FA9FC2-A8AA-4F6B-B181-70A4344B7495}"
EndProject
Project("{8BC9CEB8-8B4A-11D0-8D11-00A0C91BC942}") = "libxml", "libxml\libxml.vcxproj", "{9294D594-D18A-48E3-8AA8-0C60218508DE}"
EndProject
Global
	GlobalSection(SolutionConfigurationPlatforms) = preSolution
		CN_BETA|x64 = CN_BETA|x64
		CN_BETA|x86 = CN_BETA|x86
		CN_INTERNAL|x64 = CN_INTERNAL|x64
		CN_INTERNAL|x86 = CN_INTERNAL|x86
		CN_SERVICE|x64 = CN_SERVICE|x64
		CN_SERVICE|x86 = CN_SERVICE|x86
		Debug_CN|x64 = Debug_CN|x64
		Debug_CN|x86 = Debug_CN|x86
		Debug_EU|x64 = Debug_EU|x64
		Debug_EU|x86 = Debug_EU|x86
		Debug|x64 = Debug|x64
		Debug|x86 = Debug|x86
		HK_SERVICE|x64 = HK_SERVICE|x64
		HK_SERVICE|x86 = HK_SERVICE|x86
		HK_TEST|x64 = HK_TEST|x64
		HK_TEST|x86 = HK_TEST|x86
		ID_INTERNAL|x64 = ID_INTERNAL|x64
		ID_INTERNAL|x86 = ID_INTERNAL|x86
		ID_OPEN_TEST|x64 = ID_OPEN_TEST|x64
		ID_OPEN_TEST|x86 = ID_OPEN_TEST|x86
		ID_SERVICE|x64 = ID_SERVICE|x64
		ID_SERVICE|x86 = ID_SERVICE|x86
		INT_TEST|x64 = INT_TEST|x64
		INT_TEST|x86 = INT_TEST|x86
		KR_OPENTEST|x64 = KR_OPENTEST|x64
		KR_OPENTEST|x86 = KR_OPENTEST|x86
		KR_QA_TEST|x64 = KR_QA_TEST|x64
		KR_QA_TEST|x86 = KR_QA_TEST|x86
		KR_SERVICE|x64 = KR_SERVICE|x64
		KR_SERVICE|x86 = KR_SERVICE|x86
		KR_TEST_SERVICE|x64 = KR_TEST_SERVICE|x64
		KR_TEST_SERVICE|x86 = KR_TEST_SERVICE|x86
		KR_TEST|x64 = KR_TEST|x64
		KR_TEST|x86 = KR_TEST|x86
		Release|x64 = Release|x64
		Release|x86 = Release|x86
		TW_SERVICE|x64 = TW_SERVICE|x64
		TW_SERVICE|x86 = TW_SERVICE|x86
		TW_TEST|x64 = TW_TEST|x64
		TW_TEST|x86 = TW_TEST|x86
		US_OPEN_TEST|x64 = US_OPEN_TEST|x64
		US_OPEN_TEST|x86 = US_OPEN_TEST|x86
		US_SERVICE|x64 = US_SERVICE|x64
		US_SERVICE|x86 = US_SERVICE|x86
		US_TEST|x64 = US_TEST|x64
		US_TEST|x86 = US_TEST|x86
	EndGlobalSection
	GlobalSection(ProjectConfigurationPlatforms) = postSolution
		{49FA9FC2-A8AA-4F6B-B181-70A4344B7495}.CN_BETA|x64.ActiveCfg = Debug|x64
		{49FA9FC2-A8AA-4F6B-B181-70A4344B7495}.CN_BETA|x64.Build.0 = Debug|x64
		{49FA9FC2-A8AA-4F6B-B181-70A4344B7495}.CN_BETA|x86.ActiveCfg = Debug|Win32
		{49FA9FC2-A8AA-4F6B-B181-70A4344B7495}.CN_BETA|x86.Build.0 = Debug|Win32
		{49FA9FC2-A8AA-4F6B-B181-70A4344B7495}.CN_INTERNAL|x64.ActiveCfg = Debug|x64
		{49FA9FC2-A8AA-4F6B-B181-70A4344B7495}.CN_INTERNAL|x64.Build.0 = Debug|x64
		{49FA9FC2-A8AA-4F6B-B181-70A4344B7495}.CN_INTERNAL|x86.ActiveCfg = Debug|Win32
		{49FA9FC2-A8AA-4F6B-B181-70A4344B7495}.CN_INTERNAL|x86.Build.0 = Debug|Win32
		{49FA9FC2-A8AA-4F6B-B181-70A4344B7495}.CN_SERVICE|x64.ActiveCfg = Debug|x64
		{49FA9FC2-A8AA-4F6B-B181-70A4344B7495}.CN_SERVICE|x64.Build.0 = Debug|x64
		{49FA9FC2-A8AA-4F6B-B181-70A4344B7495}.CN_SERVICE|x86.ActiveCfg = Debug|Win32
		{49FA9FC2-A8AA-4F6B-B181-70A4344B7495}.CN_SERVICE|x86.Build.0 = Debug|Win32
		{49FA9FC2-A8AA-4F6B-B181-70A4344B7495}.Debug_CN|x64.ActiveCfg = Debug|x64
		{49FA9FC2-A8AA-4F6B-B181-70A4344B7495}.Debug_CN|x64.Build.0 = Debug|x64
		{49FA9FC2-A8AA-4F6B-B181-70A4344B7495}.Debug_CN|x86.ActiveCfg = Debug|Win32
		{49FA9FC2-A8AA-4F6B-B181-70A4344B7495}.Debug_CN|x86.Build.0 = Debug|Win32
		{49FA9FC2-A8AA-4F6B-B181-70A4344B7495}.Debug_EU|x64.ActiveCfg = Debug|x64
		{49FA9FC2-A8AA-4F6B-B181-70A4344B7495}.Debug_EU|x64.Build.0 = Debug|x64
		{49FA9FC2-A8AA-4F6B-B181-70A4344B7495}.Debug_EU|x86.ActiveCfg = Debug|Win32
		{49FA9FC2-A8AA-4F6B-B181-70A4344B7495}.Debug_EU|x86.Build.0 = Debug|Win32
		{49FA9FC2-A8AA-4F6B-B181-70A4344B7495}.Debug|x64.ActiveCfg = Debug|x64
		{49FA9FC2-A8AA-4F6B-B181-70A4344B7495}.Debug|x64.Build.0 = Debug|x64
		{49FA9FC2-A8AA-4F6B-B181-70A4344B7495}.Debug|x86.ActiveCfg = Debug|Win32
		{49FA9FC2-A8AA-4F6B-B181-70A4344B7495}.Debug|x86.Build.0 = Debug|Win32
		{49FA9FC2-A8AA-4F6B-B181-70A4344B7495}.HK_SERVICE|x64.ActiveCfg = Debug|x64
		{49FA9FC2-A8AA-4F6B-B181-70A4344B7495}.HK_SERVICE|x64.Build.0 = Debug|x64
		{49FA9FC2-A8AA-4F6B-B181-70A4344B7495}.HK_SERVICE|x86.ActiveCfg = Debug|Win32
		{49FA9FC2-A8AA-4F6B-B181-70A4344B7495}.HK_SERVICE|x86.Build.0 = Debug|Win32
		{49FA9FC2-A8AA-4F6B-B181-70A4344B7495}.HK_TEST|x64.ActiveCfg = Debug|x64
		{49FA9FC2-A8AA-4F6B-B181-70A4344B7495}.HK_TEST|x64.Build.0 = Debug|x64
		{49FA9FC2-A8AA-4F6B-B181-70A4344B7495}.HK_TEST|x86.ActiveCfg = Debug|Win32
		{49FA9FC2-A8AA-4F6B-B181-70A4344B7495}.HK_TEST|x86.Build.0 = Debug|Win32
		{49FA9FC2-A8AA-4F6B-B181-70A4344B7495}.ID_INTERNAL|x64.ActiveCfg = Debug|x64
		{49FA9FC2-A8AA-4F6B-B181-70A4344B7495}.ID_INTERNAL|x64.Build.0 = Debug|x64
		{49FA9FC2-A8AA-4F6B-B181-70A4344B7495}.ID_INTERNAL|x86.ActiveCfg = Debug|Win32
		{49FA9FC2-A8AA-4F6B-B181-70A4344B7495}.ID_INTERNAL|x86.Build.0 = Debug|Win32
		{49FA9FC2-A8AA-4F6B-B181-70A4344B7495}.ID_OPEN_TEST|x64.ActiveCfg = Debug|x64
		{49FA9FC2-A8AA-4F6B-B181-70A4344B7495}.ID_OPEN_TEST|x64.Build.0 = Debug|x64
		{49FA9FC2-A8AA-4F6B-B181-70A4344B7495}.ID_OPEN_TEST|x86.ActiveCfg = Debug|Win32
		{49FA9FC2-A8AA-4F6B-B181-70A4344B7495}.ID_OPEN_TEST|x86.Build.0 = Debug|Win32
		{49FA9FC2-A8AA-4F6B-B181-70A4344B7495}.ID_SERVICE|x64.ActiveCfg = Debug|x64
		{49FA9FC2-A8AA-4F6B-B181-70A4344B7495}.ID_SERVICE|x64.Build.0 = Debug|x64
		{49FA9FC2-A8AA-4F6B-B181-70A4344B7495}.ID_SERVICE|x86.ActiveCfg = Debug|Win32
		{49FA9FC2-A8AA-4F6B-B181-70A4344B7495}.ID_SERVICE|x86.Build.0 = Debug|Win32
		{49FA9FC2-A8AA-4F6B-B181-70A4344B7495}.INT_TEST|x64.ActiveCfg = Debug|x64
		{49FA9FC2-A8AA-4F6B-B181-70A4344B7495}.INT_TEST|x64.Build.0 = Debug|x64
		{49FA9FC2-A8AA-4F6B-B181-70A4344B7495}.INT_TEST|x86.ActiveCfg = Debug|Win32
		{49FA9FC2-A8AA-4F6B-B181-70A4344B7495}.INT_TEST|x86.Build.0 = Debug|Win32
		{49FA9FC2-A8AA-4F6B-B181-70A4344B7495}.KR_OPENTEST|x64.ActiveCfg = Debug|x64
		{49FA9FC2-A8AA-4F6B-B181-70A4344B7495}.KR_OPENTEST|x64.Build.0 = Debug|x64
		{49FA9FC2-A8AA-4F6B-B181-70A4344B7495}.KR_OPENTEST|x86.ActiveCfg = Debug|Win32
		{49FA9FC2-A8AA-4F6B-B181-70A4344B7495}.KR_OPENTEST|x86.Build.0 = Debug|Win32
		{49FA9FC2-A8AA-4F6B-B181-70A4344B7495}.KR_QA_TEST|x64.ActiveCfg = Debug|x64
		{49FA9FC2-A8AA-4F6B-B181-70A4344B7495}.KR_QA_TEST|x64.Build.0 = Debug|x64
		{49FA9FC2-A8AA-4F6B-B181-70A4344B7495}.KR_QA_TEST|x86.ActiveCfg = Debug|Win32
		{49FA9FC2-A8AA-4F6B-B181-70A4344B7495}.KR_QA_TEST|x86.Build.0 = Debug|Win32
		{49FA9FC2-A8AA-4F6B-B181-70A4344B7495}.KR_SERVICE|x64.ActiveCfg = Debug|x64
		{49FA9FC2-A8AA-4F6B-B181-70A4344B7495}.KR_SERVICE|x64.Build.0 = Debug|x64
		{49FA9FC2-A8AA-4F6B-B181-70A4344B7495}.KR_SERVICE|x86.ActiveCfg = Debug|Win32
		{49FA9FC2-A8AA-4F6B-B181-70A4344B7495}.KR_SERVICE|x86.Build.0 = Debug|Win32
		{49FA9FC2-A8AA-4F6B-B181-70A4344B7495}.KR_TEST_SERVICE|x64.ActiveCfg = Debug|x64
		{49FA9FC2-A8AA-4F6B-B181-70A4344B7495}.KR_TEST_SERVICE|x64.Build.0 = Debug|x64
		{49FA9FC2-A8AA-4F6B-B181-70A4344B7495}.KR_TEST_SERVICE|x86.ActiveCfg = Debug|Win32
		{49FA9FC2-A8AA-4F6B-B181-70A4344B7495}.KR_TEST_SERVICE|x86.Build.0 = Debug|Win32
		{49FA9FC2-A8AA-4F6B-B181-70A4344B7495}.KR_TEST|x64.ActiveCfg = Debug|x64
		{49FA9FC2-A8AA-4F6B-B181-70A4344B7495}.KR_TEST|x64.Build.0 = Debug|x64
		{49FA9FC2-A8AA-4F6B-B181-70A4344B7495}.KR_TEST|x86.ActiveCfg = Debug|Win32
		{49FA9FC2-A8AA-4F6B-B181-70A4344B7495}.KR_TEST|x86.Build.0 = Debug|Win32
		{49FA9FC2-A8AA-4F6B-B181-70A4344B7495}.Release|x64.ActiveCfg = Release|x64
		{49FA9FC2-A8AA-4F6B-B181-70A4344B7495}.Release|x64.Build.0 = Release|x64
		{49FA9FC2-A8AA-4F6B-B181-70A4344B7495}.Release|x86.ActiveCfg = Release|Win32
		{49FA9FC2-A8AA-4F6B-B181-70A4344B7495}.Release|x86.Build.0 = Release|Win32
		{49FA9FC2-A8AA-4F6B-B181-70A4344B7495}.TW_SERVICE|x64.ActiveCfg = Debug|x64
		{49FA9FC2-A8AA-4F6B-B181-70A4344B7495}.TW_SERVICE|x64.Build.0 = Debug|x64
		{49FA9FC2-A8AA-4F6B-B181-70A4344B7495}.TW_SERVICE|x86.ActiveCfg = Debug|Win32
		{49FA9FC2-A8AA-4F6B-B181-70A4344B7495}.TW_SERVICE|x86.Build.0 = Debug|Win32
		{49FA9FC2-A8AA-4F6B-B181-70A4344B7495}.TW_TEST|x64.ActiveCfg = Debug|x64
		{49FA9FC2-A8AA-4F6B-B181-70A4344B7495}.TW_TEST|x64.Build.0 = Debug|x64
		{49FA9FC2-A8AA-4F6B-B181-70A4344B7495}.TW_TEST|x86.ActiveCfg = Debug|Win32
		{49FA9FC2-A8AA-4F6B-B181-70A4344B7495}.TW_TEST|x86.Build.0 = Debug|Win32
		{49FA9FC2-A8AA-4F6B-B181-70A4344B7495}.US_OPEN_TEST|x64.ActiveCfg = Debug|x64
		{49FA9FC2-A8AA-4F6B-B181-70A4344B7495}.US_OPEN_TEST|x64.Build.0 = Debug|x64
		{49FA9FC2-A8AA-4F6B-B181-70A4344B7495}.US_OPEN_TEST|x86.ActiveCfg = Debug|Win32
		{49FA9FC2-A8AA-4F6B-B181-70A4344B7495}.US_OPEN_TEST|x86.Build.0 = Debug|Win32
		{49FA9FC2-A8AA-4F6B-B181-70A4344B7495}.US_SERVICE|x64.ActiveCfg = Debug|x64
		{49FA9FC2-A8AA-4F6B-B181-70A4344B7495}.US_SERVICE|x64.Build.0 = Debug|x64
		{49FA9FC2-A8AA-4F6B-B181-70A4344B7495}.US_SERVICE|x86.ActiveCfg = Debug|Win32
		{49FA9FC2-A8AA-4F6B-B181-70A4344B7495}.US_SERVICE|x86.Build.0 = Debug|Win32
		{49FA9FC2-A8AA-4F6B-B181-70A4344B7495}.US_TEST|x64.ActiveCfg = Debug|x64
		{49FA9FC2-A8AA-4F6B-B181-70A4344B7495}.US_TEST|x64.Build.0 = Debug|x64
		{49FA9FC2-A8AA-4F6B-B181-70A4344B7495}.US_TEST|x86.ActiveCfg = Debug|Win32
		{49FA9FC2-A8AA-4F6B-B181-70A4344B7495}.US_TEST|x86.Build.0 = Debug|Win32
		{9294D594-D18A-48E3-8AA8-0C60218508DE}.CN_BETA|x64.ActiveCfg = CN_BETA|Win32
		{9294D594-D18A-48E3-8AA8-0C60218508DE}.CN_BETA|x86.ActiveCfg = CN_BETA|Win32
		{9294D594-D18A-48E3-8AA8-0C60218508DE}.CN_BETA|x86.Build.0 = CN_BETA|Win32
		{9294D594-D18A-48E3-8AA8-0C60218508DE}.CN_INTERNAL|x64.ActiveCfg = CN_INTERNAL|Win32
		{9294D594-D18A-48E3-8AA8-0C60218508DE}.CN_INTERNAL|x86.ActiveCfg = CN_INTERNAL|Win32
		{9294D594-D18A-48E3-8AA8-0C60218508DE}.CN_INTERNAL|x86.Build.0 = CN_INTERNAL|Win32
		{9294D594-D18A-48E3-8AA8-0C60218508DE}.CN_SERVICE|x64.ActiveCfg = CN_SERVICE|Win32
		{9294D594-D18A-48E3-8AA8-0C60218508DE}.CN_SERVICE|x86.ActiveCfg = CN_SERVICE|Win32
		{9294D594-D18A-48E3-8AA8-0C60218508DE}.CN_SERVICE|x86.Build.0 = CN_SERVICE|Win32
		{9294D594-D18A-48E3-8AA8-0C60218508DE}.Debug_CN|x64.ActiveCfg = Debug_CN|Win32
		{9294D594-D18A-48E3-8AA8-0C60218508DE}.Debug_CN|x86.ActiveCfg = Debug_CN|Win32
		{9294D594-D18A-48E3-8AA8-0C60218508DE}.Debug_CN|x86.Build.0 = Debug_CN|Win32
		{9294D594-D18A-48E3-8AA8-0C60218508DE}.Debug_EU|x64.ActiveCfg = Debug_EU|Win32
		{9294D594-D18A-48E3-8AA8-0C60218508DE}.Debug_EU|x86.ActiveCfg = Debug_EU|Win32
		{9294D594-D18A-48E3-8AA8-0C60218508DE}.Debug_EU|x86.Build.0 = Debug_EU|Win32
		{9294D594-D18A-48E3-8AA8-0C60218508DE}.Debug|x64.ActiveCfg = Debug|Win32
		{9294D594-D18A-48E3-8AA8-0C60218508DE}.Debug|x86.ActiveCfg = Debug|Win32
		{9294D594-D18A-48E3-8AA8-0C60218508DE}.Debug|x86.Build.0 = Debug|Win32
		{9294D594-D18A-48E3-8AA8-0C60218508DE}.HK_SERVICE|x64.ActiveCfg = HK_SERVICE|Win32
		{9294D594-D18A-48E3-8AA8-0C60218508DE}.HK_SERVICE|x86.ActiveCfg = HK_SERVICE|Win32
		{9294D594-D18A-48E3-8AA8-0C60218508DE}.HK_SERVICE|x86.Build.0 = HK_SERVICE|Win32
		{9294D594-D18A-48E3-8AA8-0C60218508DE}.HK_TEST|x64.ActiveCfg = HK_TEST|Win32
		{9294D594-D18A-48E3-8AA8-0C60218508DE}.HK_TEST|x86.ActiveCfg = HK_TEST|Win32
		{9294D594-D18A-48E3-8AA8-0C60218508DE}.HK_TEST|x86.Build.0 = HK_TEST|Win32
		{9294D594-D18A-48E3-8AA8-0C60218508DE}.ID_INTERNAL|x64.ActiveCfg = ID_INTERNAL|Win32
		{9294D594-D18A-48E3-8AA8-0C60218508DE}.ID_INTERNAL|x86.ActiveCfg = ID_INTERNAL|Win32
		{9294D594-D18A-48E3-8AA8-0C60218508DE}.ID_INTERNAL|x86.Build.0 = ID_INTERNAL|Win32
		{9294D594-D18A-48E3-8AA8-0C60218508DE}.ID_OPEN_TEST|x64.ActiveCfg = ID_OPEN_TEST|Win32
		{9294D594-D18A-48E3-8AA8-0C60218508DE}.ID_OPEN_TEST|x86.ActiveCfg = ID_OPEN_TEST|Win32
		{9294D594-D18A-48E3-8AA8-0C60218508DE}.ID_OPEN_TEST|x86.Build.0 = ID_OPEN_TEST|Win32
		{9294D594-D18A-48E3-8AA8-0C60218508DE}.ID_SERVICE|x64.ActiveCfg = ID_SERVICE|Win32
		{9294D594-D18A-48E3-8AA8-0C60218508DE}.ID_SERVICE|x86.ActiveCfg = ID_SERVICE|Win32
		{9294D594-D18A-48E3-8AA8-0C60218508DE}.ID_SERVICE|x86.Build.0 = ID_SERVICE|Win32
		{9294D594-D18A-48E3-8AA8-0C60218508DE}.INT_TEST|x64.ActiveCfg = INT_TEST|Win32
		{9294D594-D18A-48E3-8AA8-0C60218508DE}.INT_TEST|x86.ActiveCfg = INT_TEST|Win32
		{9294D594-D18A-48E3-8AA8-0C60218508DE}.INT_TEST|x86.Build.0 = INT_TEST|Win32
		{9294D594-D18A-48E3-8AA8-0C60218508DE}.KR_OPENTEST|x64.ActiveCfg = KR_OPENTEST|Win32
		{9294D594-D18A-48E3-8AA8-0C60218508DE}.KR_OPENTEST|x86.ActiveCfg = KR_OPENTEST|Win32
		{9294D594-D18A-48E3-8AA8-0C60218508DE}.KR_OPENTEST|x86.Build.0 = KR_OPENTEST|Win32
		{9294D594-D18A-48E3-8AA8-0C60218508DE}.KR_QA_TEST|x64.ActiveCfg = KR_QA_TEST|Win32
		{9294D594-D18A-48E3-8AA8-0C60218508DE}.KR_QA_TEST|x86.ActiveCfg = KR_QA_TEST|Win32
		{9294D594-D18A-48E3-8AA8-0C60218508DE}.KR_QA_TEST|x86.Build.0 = KR_QA_TEST|Win32
		{9294D594-D18A-48E3-8AA8-0C60218508DE}.KR_SERVICE|x64.ActiveCfg = KR_SERVICE|Win32
		{9294D594-D18A-48E3-8AA8-0C60218508DE}.KR_SERVICE|x86.ActiveCfg = KR_SERVICE|Win32
		{9294D594-D18A-48E3-8AA8-0C60218508DE}.KR_SERVICE|x86.Build.0 = KR_SERVICE|Win32
		{9294D594-D18A-48E3-8AA8-0C60218508DE}.KR_TEST_SERVICE|x64.ActiveCfg = KR_TEST_SERVICE|Win32
		{9294D594-D18A-48E3-8AA8-0C60218508DE}.KR_TEST_SERVICE|x86.ActiveCfg = KR_TEST_SERVICE|Win32
		{9294D594-D18A-48E3-8AA8-0C60218508DE}.KR_TEST_SERVICE|x86.Build.0 = KR_TEST_SERVICE|Win32
		{9294D594-D18A-48E3-8AA8-0C60218508DE}.KR_TEST|x64.ActiveCfg = KR_TEST|Win32
		{9294D594-D18A-48E3-8AA8-0C60218508DE}.KR_TEST|x86.ActiveCfg = KR_TEST|Win32
		{9294D594-D18A-48E3-8AA8-0C60218508DE}.KR_TEST|x86.Build.0 = KR_TEST|Win32
		{9294D594-D18A-48E3-8AA8-0C60218508DE}.Release|x64.ActiveCfg = Release|Win32
		{9294D594-D18A-48E3-8AA8-0C60218508DE}.Release|x86.ActiveCfg = Release|Win32
		{9294D594-D18A-48E3-8AA8-0C60218508DE}.Release|x86.Build.0 = Release|Win32
		{9294D594-D18A-48E3-8AA8-0C60218508DE}.TW_SERVICE|x64.ActiveCfg = TW_SERVICE|Win32
		{9294D594-D18A-48E3-8AA8-0C60218508DE}.TW_SERVICE|x86.ActiveCfg = TW_SERVICE|Win32
		{9294D594-D18A-48E3-8AA8-0C60218508DE}.TW_SERVICE|x86.Build.0 = TW_SERVICE|Win32
		{9294D594-D18A-48E3-8AA8-0C60218508DE}.TW_TEST|x64.ActiveCfg = TW_TEST|Win32
		{9294D594-D18A-48E3-8AA8-0C60218508DE}.TW_TEST|x86.ActiveCfg = TW_TEST|Win32
		{9294D594-D18A-48E3-8AA8-0C60218508DE}.TW_TEST|x86.Build.0 = TW_TEST|Win32
		{9294D594-D18A-48E3-8AA8-0C60218508DE}.US_OPEN_TEST|x64.ActiveCfg = US_OPEN_TEST|Win32
		{9294D594-D18A-48E3-8AA8-0C60218508DE}.US_OPEN_TEST|x86.ActiveCfg = US_OPEN_TEST|Win32
		{9294D594-D18A-48E3-8AA8-0C60218508DE}.US_OPEN_TEST|x86.Build.0 = US_OPEN_TEST|Win32
		{9294D594-D18A-48E3-8AA8-0C60218508DE}.US_SERVICE|x64.ActiveCfg = US_SERVICE|Win32
		{9294D594-D18A-48E3-8AA8-0C60218508DE}.US_SERVICE|x86.ActiveCfg = US_SERVICE|Win32
		{9294D594-D18A-48E3-8AA8-0C60218508DE}.US_SERVICE|x86.Build.0 = US_SERVICE|Win32
		{9294D594-D18A-48E3-8AA8-0C60218508DE}.US_TEST|x64.ActiveCfg = US_TEST|Win32
		{9294D594-D18A-48E3-8AA8-0C60218508DE}.US_TEST|x86.ActiveCfg = US_TEST|Win32
		{9294D594-D18A-48E3-8AA8-0C60218508DE}.US_TEST|x86.Build.0 = US_TEST|Win32
	EndGlobalSection
	GlobalSection(SolutionProperties) = preSolution
		HideSolutionNode = FALSE
	EndGlobalSection
	GlobalSection(ExtensibilityGlobals) = postSolution
		SolutionGuid = {64895497-D1DE-4C34-9780-D69AD01329BC}
	EndGlobalSection
EndGlobal
